// !$*UTF8*$!
{
	archiveVersion = 1;
	classes = {
	};
	objectVersion = 56;
	objects = {

/* Begin PBXBuildFile section */
		AB22844E2A2A9968003DF3B2 /* AddItemView.swift in Sources */ = {isa = PBXBuildFile; fileRef = AB22844D2A2A9968003DF3B2 /* AddItemView.swift */; };
		AB22844F2A2A99F4003DF3B2 /* PlanView.swift in Sources */ = {isa = PBXBuildFile; fileRef = ABD3B4D62A2943A400D39120 /* PlanView.swift */; };
		AB604AEF2A2A9AFD000E8341 /* ButtonLabel.swift in Sources */ = {isa = PBXBuildFile; fileRef = AB604AEE2A2A9AFD000E8341 /* ButtonLabel.swift */; };
		ABD3B4C42A29434700D39120 /* WorkoutApp.swift in Sources */ = {isa = PBXBuildFile; fileRef = ABD3B4C32A29434700D39120 /* WorkoutApp.swift */; };
		ABD3B4C62A29434700D39120 /* ContentView.swift in Sources */ = {isa = PBXBuildFile; fileRef = ABD3B4C52A29434700D39120 /* ContentView.swift */; };
		ABD3B4C82A29434700D39120 /* Assets.xcassets in Resources */ = {isa = PBXBuildFile; fileRef = ABD3B4C72A29434700D39120 /* Assets.xcassets */; };
		ABD3B4CB2A29434700D39120 /* Preview Assets.xcassets in Resources */ = {isa = PBXBuildFile; fileRef = ABD3B4CA2A29434700D39120 /* Preview Assets.xcassets */; };
		ABD3B4D92A2943B000D39120 /* ExerciseView.swift in Sources */ = {isa = PBXBuildFile; fileRef = ABD3B4D82A2943B000D39120 /* ExerciseView.swift */; };
		ABD3B4DB2A2943C600D39120 /* ExerciseDetailView.swift in Sources */ = {isa = PBXBuildFile; fileRef = ABD3B4DA2A2943C600D39120 /* ExerciseDetailView.swift */; };
		ABD3B4DD2A2943ED00D39120 /* Plan.swift in Sources */ = {isa = PBXBuildFile; fileRef = ABD3B4DC2A2943ED00D39120 /* Plan.swift */; };
		ABD3B4DF2A2943F600D39120 /* Exercise.swift in Sources */ = {isa = PBXBuildFile; fileRef = ABD3B4DE2A2943F600D39120 /* Exercise.swift */; };
		ABD3B4E12A29449C00D39120 /* ViewModel.swift in Sources */ = {isa = PBXBuildFile; fileRef = ABD3B4E02A29449C00D39120 /* ViewModel.swift */; };
/* End PBXBuildFile section */

/* Begin PBXFileReference section */
		AB22844D2A2A9968003DF3B2 /* AddItemView.swift */ = {isa = PBXFileReference; lastKnownFileType = sourcecode.swift; path = AddItemView.swift; sourceTree = "<group>"; };
		AB604AEE2A2A9AFD000E8341 /* ButtonLabel.swift */ = {isa = PBXFileReference; lastKnownFileType = sourcecode.swift; path = ButtonLabel.swift; sourceTree = "<group>"; };
		ABD3B4C02A29434700D39120 /* Workout.app */ = {isa = PBXFileReference; explicitFileType = wrapper.application; includeInIndex = 0; path = Workout.app; sourceTree = BUILT_PRODUCTS_DIR; };
		ABD3B4C32A29434700D39120 /* WorkoutApp.swift */ = {isa = PBXFileReference; lastKnownFileType = sourcecode.swift; path = WorkoutApp.swift; sourceTree = "<group>"; };
		ABD3B4C52A29434700D39120 /* ContentView.swift */ = {isa = PBXFileReference; lastKnownFileType = sourcecode.swift; path = ContentView.swift; sourceTree = "<group>"; };
		ABD3B4C72A29434700D39120 /* Assets.xcassets */ = {isa = PBXFileReference; lastKnownFileType = folder.assetcatalog; path = Assets.xcassets; sourceTree = "<group>"; };
		ABD3B4CA2A29434700D39120 /* Preview Assets.xcassets */ = {isa = PBXFileReference; lastKnownFileType = folder.assetcatalog; path = "Preview Assets.xcassets"; sourceTree = "<group>"; };
		ABD3B4D62A2943A400D39120 /* PlanView.swift */ = {isa = PBXFileReference; lastKnownFileType = sourcecode.swift; path = PlanView.swift; sourceTree = "<group>"; };
		ABD3B4D82A2943B000D39120 /* ExerciseView.swift */ = {isa = PBXFileReference; lastKnownFileType = sourcecode.swift; path = ExerciseView.swift; sourceTree = "<group>"; };
		ABD3B4DA2A2943C600D39120 /* ExerciseDetailView.swift */ = {isa = PBXFileReference; lastKnownFileType = sourcecode.swift; path = ExerciseDetailView.swift; sourceTree = "<group>"; };
		ABD3B4DC2A2943ED00D39120 /* Plan.swift */ = {isa = PBXFileReference; lastKnownFileType = sourcecode.swift; path = Plan.swift; sourceTree = "<group>"; };
		ABD3B4DE2A2943F600D39120 /* Exercise.swift */ = {isa = PBXFileReference; lastKnownFileType = sourcecode.swift; path = Exercise.swift; sourceTree = "<group>"; };
		ABD3B4E02A29449C00D39120 /* ViewModel.swift */ = {isa = PBXFileReference; lastKnownFileType = sourcecode.swift; path = ViewModel.swift; sourceTree = "<group>"; };
/* End PBXFileReference section */

/* Begin PBXFrameworksBuildPhase section */
		ABD3B4BD2A29434700D39120 /* Frameworks */ = {
			isa = PBXFrameworksBuildPhase;
			buildActionMask = 2147483647;
			files = (
			);
			runOnlyForDeploymentPostprocessing = 0;
		};
/* End PBXFrameworksBuildPhase section */

/* Begin PBXGroup section */
		AB22844B2A2A9943003DF3B2 /* Primary Views */ = {
			isa = PBXGroup;
			children = (
				ABD3B4D62A2943A400D39120 /* PlanView.swift */,
				ABD3B4D82A2943B000D39120 /* ExerciseView.swift */,
				ABD3B4DA2A2943C600D39120 /* ExerciseDetailView.swift */,
			);
			path = "Primary Views";
			sourceTree = "<group>";
		};
		AB22844C2A2A994E003DF3B2 /* Secondary Views */ = {
			isa = PBXGroup;
			children = (
				AB22844D2A2A9968003DF3B2 /* AddItemView.swift */,
				AB604AEE2A2A9AFD000E8341 /* ButtonLabel.swift */,
			);
			path = "Secondary Views";
			sourceTree = "<group>";
		};
		ABD3B4B72A29434700D39120 = {
			isa = PBXGroup;
			children = (
				ABD3B4C22A29434700D39120 /* Workout */,
				ABD3B4C12A29434700D39120 /* Products */,
			);
			sourceTree = "<group>";
		};
		ABD3B4C12A29434700D39120 /* Products */ = {
			isa = PBXGroup;
			children = (
				ABD3B4C02A29434700D39120 /* Workout.app */,
			);
			name = Products;
			sourceTree = "<group>";
		};
		ABD3B4C22A29434700D39120 /* Workout */ = {
			isa = PBXGroup;
			children = (
				ABD3B4C32A29434700D39120 /* WorkoutApp.swift */,
				ABD3B4C52A29434700D39120 /* ContentView.swift */,
				ABD3B4D12A29435200D39120 /* Views */,
				ABD3B4D22A29435600D39120 /* Model */,
				ABD3B4D32A29435C00D39120 /* View Model */,
				ABD3B4C72A29434700D39120 /* Assets.xcassets */,
				ABD3B4C92A29434700D39120 /* Preview Content */,
			);
			path = Workout;
			sourceTree = "<group>";
		};
		ABD3B4C92A29434700D39120 /* Preview Content */ = {
			isa = PBXGroup;
			children = (
				ABD3B4CA2A29434700D39120 /* Preview Assets.xcassets */,
			);
			path = "Preview Content";
			sourceTree = "<group>";
		};
		ABD3B4D12A29435200D39120 /* Views */ = {
			isa = PBXGroup;
			children = (
				AB22844B2A2A9943003DF3B2 /* Primary Views */,
				AB22844C2A2A994E003DF3B2 /* Secondary Views */,
			);
			path = Views;
			sourceTree = "<group>";
		};
		ABD3B4D22A29435600D39120 /* Model */ = {
			isa = PBXGroup;
			children = (
				ABD3B4DC2A2943ED00D39120 /* Plan.swift */,
				ABD3B4DE2A2943F600D39120 /* Exercise.swift */,
			);
			path = Model;
			sourceTree = "<group>";
		};
		ABD3B4D32A29435C00D39120 /* View Model */ = {
			isa = PBXGroup;
			children = (
				ABD3B4E02A29449C00D39120 /* ViewModel.swift */,
			);
			path = "View Model";
			sourceTree = "<group>";
		};
/* End PBXGroup section */

/* Begin PBXNativeTarget section */
		ABD3B4BF2A29434700D39120 /* Workout */ = {
			isa = PBXNativeTarget;
			buildConfigurationList = ABD3B4CE2A29434700D39120 /* Build configuration list for PBXNativeTarget "Workout" */;
			buildPhases = (
				ABD3B4BC2A29434700D39120 /* Sources */,
				ABD3B4BD2A29434700D39120 /* Frameworks */,
				ABD3B4BE2A29434700D39120 /* Resources */,
			);
			buildRules = (
			);
			dependencies = (
			);
			name = Workout;
			productName = Workout;
			productReference = ABD3B4C02A29434700D39120 /* Workout.app */;
			productType = "com.apple.product-type.application";
		};
/* End PBXNativeTarget section */

/* Begin PBXProject section */
		ABD3B4B82A29434700D39120 /* Project object */ = {
			isa = PBXProject;
			attributes = {
				BuildIndependentTargetsInParallel = 1;
				LastSwiftUpdateCheck = 1430;
				LastUpgradeCheck = 1430;
				TargetAttributes = {
					ABD3B4BF2A29434700D39120 = {
						CreatedOnToolsVersion = 14.3;
					};
				};
			};
			buildConfigurationList = ABD3B4BB2A29434700D39120 /* Build configuration list for PBXProject "Workout" */;
			compatibilityVersion = "Xcode 14.0";
			developmentRegion = en;
			hasScannedForEncodings = 0;
			knownRegions = (
				en,
				Base,
			);
			mainGroup = ABD3B4B72A29434700D39120;
			productRefGroup = ABD3B4C12A29434700D39120 /* Products */;
			projectDirPath = "";
			projectRoot = "";
			targets = (
				ABD3B4BF2A29434700D39120 /* Workout */,
			);
		};
/* End PBXProject section */

/* Begin PBXResourcesBuildPhase section */
		ABD3B4BE2A29434700D39120 /* Resources */ = {
			isa = PBXResourcesBuildPhase;
			buildActionMask = 2147483647;
			files = (
				ABD3B4CB2A29434700D39120 /* Preview Assets.xcassets in Resources */,
				ABD3B4C82A29434700D39120 /* Assets.xcassets in Resources */,
			);
			runOnlyForDeploymentPostprocessing = 0;
		};
/* End PBXResourcesBuildPhase section */

/* Begin PBXSourcesBuildPhase section */
		ABD3B4BC2A29434700D39120 /* Sources */ = {
			isa = PBXSourcesBuildPhase;
			buildActionMask = 2147483647;
			files = (
				ABD3B4D92A2943B000D39120 /* ExerciseView.swift in Sources */,
				AB22844E2A2A9968003DF3B2 /* AddItemView.swift in Sources */,
				AB22844F2A2A99F4003DF3B2 /* PlanView.swift in Sources */,
				ABD3B4DB2A2943C600D39120 /* ExerciseDetailView.swift in Sources */,
				ABD3B4DD2A2943ED00D39120 /* Plan.swift in Sources */,
				ABD3B4C62A29434700D39120 /* ContentView.swift in Sources */,
				AB604AEF2A2A9AFD000E8341 /* ButtonLabel.swift in Sources */,
				ABD3B4C42A29434700D39120 /* WorkoutApp.swift in Sources */,
				ABD3B4DF2A2943F600D39120 /* Exercise.swift in Sources */,
				ABD3B4E12A29449C00D39120 /* ViewModel.swift in Sources */,
			);
			runOnlyForDeploymentPostprocessing = 0;
		};
/* End PBXSourcesBuildPhase section */

/* Begin XCBuildConfiguration section */
		ABD3B4CC2A29434700D39120 /* Debug */ = {
			isa = XCBuildConfiguration;
			buildSettings = {
				ALWAYS_SEARCH_USER_PATHS = NO;
				CLANG_ANALYZER_NONNULL = YES;
				CLANG_ANALYZER_NUMBER_OBJECT_CONVERSION = YES_AGGRESSIVE;
				CLANG_CXX_LANGUAGE_STANDARD = "gnu++20";
				CLANG_ENABLE_MODULES = YES;
				CLANG_ENABLE_OBJC_ARC = YES;
				CLANG_ENABLE_OBJC_WEAK = YES;
				CLANG_WARN_BLOCK_CAPTURE_AUTORELEASING = YES;
				CLANG_WARN_BOOL_CONVERSION = YES;
				CLANG_WARN_COMMA = YES;
				CLANG_WARN_CONSTANT_CONVERSION = YES;
				CLANG_WARN_DEPRECATED_OBJC_IMPLEMENTATIONS = YES;
				CLANG_WARN_DIRECT_OBJC_ISA_USAGE = YES_ERROR;
				CLANG_WARN_DOCUMENTATION_COMMENTS = YES;
				CLANG_WARN_EMPTY_BODY = YES;
				CLANG_WARN_ENUM_CONVERSION = YES;
				CLANG_WARN_INFINITE_RECURSION = YES;
				CLANG_WARN_INT_CONVERSION = YES;
				CLANG_WARN_NON_LITERAL_NULL_CONVERSION = YES;
				CLANG_WARN_OBJC_IMPLICIT_RETAIN_SELF = YES;
				CLANG_WARN_OBJC_LITERAL_CONVERSION = YES;
				CLANG_WARN_OBJC_ROOT_CLASS = YES_ERROR;
				CLANG_WARN_QUOTED_INCLUDE_IN_FRAMEWORK_HEADER = YES;
				CLANG_WARN_RANGE_LOOP_ANALYSIS = YES;
				CLANG_WARN_STRICT_PROTOTYPES = YES;
				CLANG_WARN_SUSPICIOUS_MOVE = YES;
				CLANG_WARN_UNGUARDED_AVAILABILITY = YES_AGGRESSIVE;
				CLANG_WARN_UNREACHABLE_CODE = YES;
				CLANG_WARN__DUPLICATE_METHOD_MATCH = YES;
				COPY_PHASE_STRIP = NO;
				DEBUG_INFORMATION_FORMAT = dwarf;
				ENABLE_STRICT_OBJC_MSGSEND = YES;
				ENABLE_TESTABILITY = YES;
				GCC_C_LANGUAGE_STANDARD = gnu11;
				GCC_DYNAMIC_NO_PIC = NO;
				GCC_NO_COMMON_BLOCKS = YES;
				GCC_OPTIMIZATION_LEVEL = 0;
				GCC_PREPROCESSOR_DEFINITIONS = (
					"DEBUG=1",
					"$(inherited)",
				);
				GCC_WARN_64_TO_32_BIT_CONVERSION = YES;
				GCC_WARN_ABOUT_RETURN_TYPE = YES_ERROR;
				GCC_WARN_UNDECLARED_SELECTOR = YES;
				GCC_WARN_UNINITIALIZED_AUTOS = YES_AGGRESSIVE;
				GCC_WARN_UNUSED_FUNCTION = YES;
				GCC_WARN_UNUSED_VARIABLE = YES;
				IPHONEOS_DEPLOYMENT_TARGET = 16.4;
				MTL_ENABLE_DEBUG_INFO = INCLUDE_SOURCE;
				MTL_FAST_MATH = YES;
				ONLY_ACTIVE_ARCH = YES;
				SDKROOT = iphoneos;
				SWIFT_ACTIVE_COMPILATION_CONDITIONS = DEBUG;
				SWIFT_OPTIMIZATION_LEVEL = "-Onone";
			};
			name = Debug;
		};
		ABD3B4CD2A29434700D39120 /* Release */ = {
			isa = XCBuildConfiguration;
			buildSettings = {
				ALWAYS_SEARCH_USER_PATHS = NO;
				CLANG_ANALYZER_NONNULL = YES;
				CLANG_ANALYZER_NUMBER_OBJECT_CONVERSION = YES_AGGRESSIVE;
				CLANG_CXX_LANGUAGE_STANDARD = "gnu++20";
				CLANG_ENABLE_MODULES = YES;
				CLANG_ENABLE_OBJC_ARC = YES;
				CLANG_ENABLE_OBJC_WEAK = YES;
				CLANG_WARN_BLOCK_CAPTURE_AUTORELEASING = YES;
				CLANG_WARN_BOOL_CONVERSION = YES;
				CLANG_WARN_COMMA = YES;
				CLANG_WARN_CONSTANT_CONVERSION = YES;
				CLANG_WARN_DEPRECATED_OBJC_IMPLEMENTATIONS = YES;
				CLANG_WARN_DIRECT_OBJC_ISA_USAGE = YES_ERROR;
				CLANG_WARN_DOCUMENTATION_COMMENTS = YES;
				CLANG_WARN_EMPTY_BODY = YES;
				CLANG_WARN_ENUM_CONVERSION = YES;
				CLANG_WARN_INFINITE_RECURSION = YES;
				CLANG_WARN_INT_CONVERSION = YES;
				CLANG_WARN_NON_LITERAL_NULL_CONVERSION = YES;
				CLANG_WARN_OBJC_IMPLICIT_RETAIN_SELF = YES;
				CLANG_WARN_OBJC_LITERAL_CONVERSION = YES;
				CLANG_WARN_OBJC_ROOT_CLASS = YES_ERROR;
				CLANG_WARN_QUOTED_INCLUDE_IN_FRAMEWORK_HEADER = YES;
				CLANG_WARN_RANGE_LOOP_ANALYSIS = YES;
				CLANG_WARN_STRICT_PROTOTYPES = YES;
				CLANG_WARN_SUSPICIOUS_MOVE = YES;
				CLANG_WARN_UNGUARDED_AVAILABILITY = YES_AGGRESSIVE;
				CLANG_WARN_UNREACHABLE_CODE = YES;
				CLANG_WARN__DUPLICATE_METHOD_MATCH = YES;
				COPY_PHASE_STRIP = NO;
				DEBUG_INFORMATION_FORMAT = "dwarf-with-dsym";
				ENABLE_NS_ASSERTIONS = NO;
				ENABLE_STRICT_OBJC_MSGSEND = YES;
				GCC_C_LANGUAGE_STANDARD = gnu11;
				GCC_NO_COMMON_BLOCKS = YES;
				GCC_WARN_64_TO_32_BIT_CONVERSION = YES;
				GCC_WARN_ABOUT_RETURN_TYPE = YES_ERROR;
				GCC_WARN_UNDECLARED_SELECTOR = YES;
				GCC_WARN_UNINITIALIZED_AUTOS = YES_AGGRESSIVE;
				GCC_WARN_UNUSED_FUNCTION = YES;
				GCC_WARN_UNUSED_VARIABLE = YES;
				IPHONEOS_DEPLOYMENT_TARGET = 16.4;
				MTL_ENABLE_DEBUG_INFO = NO;
				MTL_FAST_MATH = YES;
				SDKROOT = iphoneos;
				SWIFT_COMPILATION_MODE = wholemodule;
				SWIFT_OPTIMIZATION_LEVEL = "-O";
				VALIDATE_PRODUCT = YES;
			};
			name = Release;
		};
		ABD3B4CF2A29434700D39120 /* Debug */ = {
			isa = XCBuildConfiguration;
			buildSettings = {
				ASSETCATALOG_COMPILER_APPICON_NAME = AppIcon;
				ASSETCATALOG_COMPILER_GLOBAL_ACCENT_COLOR_NAME = AccentColor;
				CODE_SIGN_STYLE = Automatic;
				CURRENT_PROJECT_VERSION = 1;
				DEVELOPMENT_ASSET_PATHS = "\"Workout/Preview Content\"";
				DEVELOPMENT_TEAM = 6NW7CTZB43;
				ENABLE_PREVIEWS = YES;
				GENERATE_INFOPLIST_FILE = YES;
				INFOPLIST_KEY_UIApplicationSceneManifest_Generation = YES;
				INFOPLIST_KEY_UIApplicationSupportsIndirectInputEvents = YES;
				INFOPLIST_KEY_UILaunchScreen_Generation = YES;
				INFOPLIST_KEY_UISupportedInterfaceOrientations_iPad = "UIInterfaceOrientationPortrait UIInterfaceOrientationPortraitUpsideDown UIInterfaceOrientationLandscapeLeft UIInterfaceOrientationLandscapeRight";
				INFOPLIST_KEY_UISupportedInterfaceOrientations_iPhone = "UIInterfaceOrientationPortrait UIInterfaceOrientationLandscapeLeft UIInterfaceOrientationLandscapeRight";
				LD_RUNPATH_SEARCH_PATHS = (
					"$(inherited)",
					"@executable_path/Frameworks",
				);
				MARKETING_VERSION = 1.0;
				PRODUCT_BUNDLE_IDENTIFIER = com.bradychin.Workout;
				PRODUCT_NAME = "$(TARGET_NAME)";
				SWIFT_EMIT_LOC_STRINGS = YES;
				SWIFT_VERSION = 5.0;
				TARGETED_DEVICE_FAMILY = "1,2";
			};
			name = Debug;
		};
		ABD3B4D02A29434700D39120 /* Release */ = {
			isa = XCBuildConfiguration;
			buildSettings = {
				ASSETCATALOG_COMPILER_APPICON_NAME = AppIcon;
				ASSETCATALOG_COMPILER_GLOBAL_ACCENT_COLOR_NAME = AccentColor;
				CODE_SIGN_STYLE = Automatic;
				CURRENT_PROJECT_VERSION = 1;
				DEVELOPMENT_ASSET_PATHS = "\"Workout/Preview Content\"";
				DEVELOPMENT_TEAM = 6NW7CTZB43;
				ENABLE_PREVIEWS = YES;
				GENERATE_INFOPLIST_FILE = YES;
				INFOPLIST_KEY_UIApplicationSceneManifest_Generation = YES;
				INFOPLIST_KEY_UIApplicationSupportsIndirectInputEvents = YES;
				INFOPLIST_KEY_UILaunchScreen_Generation = YES;
				INFOPLIST_KEY_UISupportedInterfaceOrientations_iPad = "UIInterfaceOrientationPortrait UIInterfaceOrientationPortraitUpsideDown UIInterfaceOrientationLandscapeLeft UIInterfaceOrientationLandscapeRight";
				INFOPLIST_KEY_UISupportedInterfaceOrientations_iPhone = "UIInterfaceOrientationPortrait UIInterfaceOrientationLandscapeLeft UIInterfaceOrientationLandscapeRight";
				LD_RUNPATH_SEARCH_PATHS = (
					"$(inherited)",
					"@executable_path/Frameworks",
				);
				MARKETING_VERSION = 1.0;
				PRODUCT_BUNDLE_IDENTIFIER = com.bradychin.Workout;
				PRODUCT_NAME = "$(TARGET_NAME)";
				SWIFT_EMIT_LOC_STRINGS = YES;
				SWIFT_VERSION = 5.0;
				TARGETED_DEVICE_FAMILY = "1,2";
			};
			name = Release;
		};
/* End XCBuildConfiguration section */

/* Begin XCConfigurationList section */
		ABD3B4BB2A29434700D39120 /* Build configuration list for PBXProject "Workout" */ = {
			isa = XCConfigurationList;
			buildConfigurations = (
				ABD3B4CC2A29434700D39120 /* Debug */,
				ABD3B4CD2A29434700D39120 /* Release */,
			);
			defaultConfigurationIsVisible = 0;
			defaultConfigurationName = Release;
		};
		ABD3B4CE2A29434700D39120 /* Build configuration list for PBXNativeTarget "Workout" */ = {
			isa = XCConfigurationList;
			buildConfigurations = (
				ABD3B4CF2A29434700D39120 /* Debug */,
				ABD3B4D02A29434700D39120 /* Release */,
			);
			defaultConfigurationIsVisible = 0;
			defaultConfigurationName = Release;
		};
/* End XCConfigurationList section */
	};
	rootObject = ABD3B4B82A29434700D39120 /* Project object */;
}
